
Microsoft Visual Studio Solution File, Format Version 12.00
# Visual Studio 15
VisualStudioVersion = 15.0.28124.53
MinimumVisualStudioVersion = 10.0.40219.1
Project("{FAE04EC0-301F-11D3-BF4B-00C04F79EFBC}") = "Web", "Web\Web.csproj", "{7AF2E026-8D76-4373-88E8-35BF132A610D}"
EndProject
Global
	GlobalSection(SolutionConfigurationPlatforms) = preSolution
		Debug|Any CPU = Debug|Any CPU
		Release|Any CPU = Release|Any CPU
	EndGlobalSection
	GlobalSection(ProjectConfigurationPlatforms) = postSolution
		{7AF2E026-8D76-4373-88E8-35BF132A610D}.Debug|Any CPU.ActiveCfg = Debug|Any CPU
		{7AF2E026-8D76-4373-88E8-35BF132A610D}.Debug|Any CPU.Build.0 = Debug|Any CPU
		{7AF2E026-8D76-4373-88E8-35BF132A610D}.Release|Any CPU.ActiveCfg = Release|Any CPU
		{7AF2E026-8D76-4373-88E8-35BF132A610D}.Release|Any CPU.Build.0 = Release|Any CPU
	EndGlobalSection
	GlobalSection(SolutionProperties) = preSolution
		HideSolutionNode = FALSE
	EndGlobalSection
	GlobalSection(ExtensibilityGlobals) = postSolution
		SolutionGuid = {B8F1B2F6-E2B3-47A3-9B5C-78E1686F62DA}
	EndGlobalSection
EndGlobal
